
Microsoft Visual Studio Solution File, Format Version 12.00
# Visual Studio Version 17
VisualStudioVersion = 17.3.32811.315
MinimumVisualStudioVersion = 10.0.40219.1
Project("{9A19103F-16F7-4668-BE54-9A1E7A4F7556}") = "CompressJpgFolders.WPF", "CompressJpgFolders.WPF\CompressJpgFolders.WPF.csproj", "{DC5A4673-9539-4E53-9909-145FFA84E412}"
EndProject
Project("{C7167F0D-BC9F-4E6E-AFE1-012C56B48DB5}") = "CompressJpgFolders.WapProject", "CompressJpgFolders.WapProject\CompressJpgFolders.WapProject.wapproj", "{43287EC5-5BC8-41E2-8225-3BDA7BADD43E}"
EndProject
Global
	GlobalSection(SolutionConfigurationPlatforms) = preSolution
		Debug|Any CPU = Debug|Any CPU
		Debug|ARM = Debug|ARM
		Debug|ARM64 = Debug|ARM64
		Debug|x64 = Debug|x64
		Debug|x86 = Debug|x86
		Release|Any CPU = Release|Any CPU
		Release|ARM = Release|ARM
		Release|ARM64 = Release|ARM64
		Release|x64 = Release|x64
		Release|x86 = Release|x86
	EndGlobalSection
	GlobalSection(ProjectConfigurationPlatforms) = postSolution
		{DC5A4673-9539-4E53-9909-145FFA84E412}.Debug|Any CPU.ActiveCfg = Debug|Any CPU
		{DC5A4673-9539-4E53-9909-145FFA84E412}.Debug|Any CPU.Build.0 = Debug|Any CPU
		{DC5A4673-9539-4E53-9909-145FFA84E412}.Debug|ARM.ActiveCfg = Debug|Any CPU
		{DC5A4673-9539-4E53-9909-145FFA84E412}.Debug|ARM.Build.0 = Debug|Any CPU
		{DC5A4673-9539-4E53-9909-145FFA84E412}.Debug|ARM64.ActiveCfg = Debug|Any CPU
		{DC5A4673-9539-4E53-9909-145FFA84E412}.Debug|ARM64.Build.0 = Debug|Any CPU
		{DC5A4673-9539-4E53-9909-145FFA84E412}.Debug|x64.ActiveCfg = Debug|Any CPU
		{DC5A4673-9539-4E53-9909-145FFA84E412}.Debug|x64.Build.0 = Debug|Any CPU
		{DC5A4673-9539-4E53-9909-145FFA84E412}.Debug|x86.ActiveCfg = Debug|Any CPU
		{DC5A4673-9539-4E53-9909-145FFA84E412}.Debug|x86.Build.0 = Debug|Any CPU
		{DC5A4673-9539-4E53-9909-145FFA84E412}.Release|Any CPU.ActiveCfg = Release|Any CPU
		{DC5A4673-9539-4E53-9909-145FFA84E412}.Release|Any CPU.Build.0 = Release|Any CPU
		{DC5A4673-9539-4E53-9909-145FFA84E412}.Release|ARM.ActiveCfg = Release|Any CPU
		{DC5A4673-9539-4E53-9909-145FFA84E412}.Release|ARM.Build.0 = Release|Any CPU
		{DC5A4673-9539-4E53-9909-145FFA84E412}.Release|ARM64.ActiveCfg = Release|Any CPU
		{DC5A4673-9539-4E53-9909-145FFA84E412}.Release|ARM64.Build.0 = Release|Any CPU
		{DC5A4673-9539-4E53-9909-145FFA84E412}.Release|x64.ActiveCfg = Release|Any CPU
		{DC5A4673-9539-4E53-9909-145FFA84E412}.Release|x64.Build.0 = Release|Any CPU
		{DC5A4673-9539-4E53-9909-145FFA84E412}.Release|x86.ActiveCfg = Release|Any CPU
		{DC5A4673-9539-4E53-9909-145FFA84E412}.Release|x86.Build.0 = Release|Any CPU
		{43287EC5-5BC8-41E2-8225-3BDA7BADD43E}.Debug|Any CPU.ActiveCfg = Debug|Any CPU
		{43287EC5-5BC8-41E2-8225-3BDA7BADD43E}.Debug|Any CPU.Build.0 = Debug|Any CPU
		{43287EC5-5BC8-41E2-8225-3BDA7BADD43E}.Debug|Any CPU.Deploy.0 = Debug|Any CPU
		{43287EC5-5BC8-41E2-8225-3BDA7BADD43E}.Debug|ARM.ActiveCfg = Debug|ARM
		{43287EC5-5BC8-41E2-8225-3BDA7BADD43E}.Debug|ARM.Build.0 = Debug|ARM
		{43287EC5-5BC8-41E2-8225-3BDA7BADD43E}.Debug|ARM.Deploy.0 = Debug|ARM
		{43287EC5-5BC8-41E2-8225-3BDA7BADD43E}.Debug|ARM64.ActiveCfg = Debug|ARM64
		{43287EC5-5BC8-41E2-8225-3BDA7BADD43E}.Debug|ARM64.Build.0 = Debug|ARM64
		{43287EC5-5BC8-41E2-8225-3BDA7BADD43E}.Debug|ARM64.Deploy.0 = Debug|ARM64
		{43287EC5-5BC8-41E2-8225-3BDA7BADD43E}.Debug|x64.ActiveCfg = Debug|x64
		{43287EC5-5BC8-41E2-8225-3BDA7BADD43E}.Debug|x64.Build.0 = Debug|x64
		{43287EC5-5BC8-41E2-8225-3BDA7BADD43E}.Debug|x64.Deploy.0 = Debug|x64
		{43287EC5-5BC8-41E2-8225-3BDA7BADD43E}.Debug|x86.ActiveCfg = Debug|x86
		{43287EC5-5BC8-41E2-8225-3BDA7BADD43E}.Debug|x86.Build.0 = Debug|x86
		{43287EC5-5BC8-41E2-8225-3BDA7BADD43E}.Debug|x86.Deploy.0 = Debug|x86
		{43287EC5-5BC8-41E2-8225-3BDA7BADD43E}.Release|Any CPU.ActiveCfg = Release|Any CPU
		{43287EC5-5BC8-41E2-8225-3BDA7BADD43E}.Release|Any CPU.Build.0 = Release|Any CPU
		{43287EC5-5BC8-41E2-8225-3BDA7BADD43E}.Release|Any CPU.Deploy.0 = Release|Any CPU
		{43287EC5-5BC8-41E2-8225-3BDA7BADD43E}.Release|ARM.ActiveCfg = Release|ARM
		{43287EC5-5BC8-41E2-8225-3BDA7BADD43E}.Release|ARM.Build.0 = Release|ARM
		{43287EC5-5BC8-41E2-8225-3BDA7BADD43E}.Release|ARM.Deploy.0 = Release|ARM
		{43287EC5-5BC8-41E2-8225-3BDA7BADD43E}.Release|ARM64.ActiveCfg = Release|ARM64
		{43287EC5-5BC8-41E2-8225-3BDA7BADD43E}.Release|ARM64.Build.0 = Release|ARM64
		{43287EC5-5BC8-41E2-8225-3BDA7BADD43E}.Release|ARM64.Deploy.0 = Release|ARM64
		{43287EC5-5BC8-41E2-8225-3BDA7BADD43E}.Release|x64.ActiveCfg = Release|x64
		{43287EC5-5BC8-41E2-8225-3BDA7BADD43E}.Release|x64.Build.0 = Release|x64
		{43287EC5-5BC8-41E2-8225-3BDA7BADD43E}.Release|x64.Deploy.0 = Release|x64
		{43287EC5-5BC8-41E2-8225-3BDA7BADD43E}.Release|x86.ActiveCfg = Release|x86
		{43287EC5-5BC8-41E2-8225-3BDA7BADD43E}.Release|x86.Build.0 = Release|x86
		{43287EC5-5BC8-41E2-8225-3BDA7BADD43E}.Release|x86.Deploy.0 = Release|x86
	EndGlobalSection
	GlobalSection(SolutionProperties) = preSolution
		HideSolutionNode = FALSE
	EndGlobalSection
	GlobalSection(ExtensibilityGlobals) = postSolution
		SolutionGuid = {783A89EE-0465-4097-80B1-88C90CE45C05}
	EndGlobalSection
EndGlobal
